
Microsoft Visual Studio Solution File, Format Version 12.00
# Visual Studio Version 17
VisualStudioVersion = 17.5.33530.505
MinimumVisualStudioVersion = 10.0.40219.1
Project("{FAE04EC0-301F-11D3-BF4B-00C04F79EFBC}") = "builder", "builder\builder.csproj", "{5F220BE3-5C52-4B53-941F-C77D9BE1C38B}"
EndProject
Global
	GlobalSection(SolutionConfigurationPlatforms) = preSolution
		Debug|Any CPU = Debug|Any CPU
		Release|Any CPU = Release|Any CPU
	EndGlobalSection
	GlobalSection(ProjectConfigurationPlatforms) = postSolution
		{5F220BE3-5C52-4B53-941F-C77D9BE1C38B}.Debug|Any CPU.ActiveCfg = Debug|Any CPU
		{5F220BE3-5C52-4B53-941F-C77D9BE1C38B}.Debug|Any CPU.Build.0 = Debug|Any CPU
		{5F220BE3-5C52-4B53-941F-C77D9BE1C38B}.Release|Any CPU.ActiveCfg = Release|Any CPU
		{5F220BE3-5C52-4B53-941F-C77D9BE1C38B}.Release|Any CPU.Build.0 = Release|Any CPU
	EndGlobalSection
	GlobalSection(SolutionProperties) = preSolution
		HideSolutionNode = FALSE
	EndGlobalSection
	GlobalSection(ExtensibilityGlobals) = postSolution
		SolutionGuid = {98A63665-6B2B-471B-BF71-F4E948D5CA5A}
	EndGlobalSection
EndGlobal
